{
  "name": "docs",
  "version": "0.0.0",
  "lockfileVersion": 3,
  "requires": true,
  "packages": {
    "": {
      "name": "docs",
      "version": "0.0.0",
      "dependencies": {
        "@astrojs/check": "^0.9.4",
        "@astrojs/partytown": "^2.1.4",
        "@astrojs/sitemap": "^3.4.1",
        "@astrojs/starlight": "^0.34.4",
        "@astrojs/starlight-tailwind": "^4.0.1",
        "@tailwindcss/vite": "^4.1.10",
        "astro": "^5.6.1",
        "astro-mermaid": "^1.2.0",
        "mermaid": "^11.12.1",
        "sharp": "^0.32.5",
        "tailwindcss": "^4.1.10",
        "typescript": "^5.8.3"
      }
    },
    "../../node_modules/.pnpm/@astrojs+check@0.9.4_prettier@3.5.3_typescript@5.8.3/node_modules/@astrojs/check": {
      "version": "0.9.4",
      "license": "MIT",
      "dependencies": {
        "@astrojs/language-server": "^2.15.0",
        "chokidar": "^4.0.1",
        "kleur": "^4.1.5",
        "yargs": "^17.7.2"
      },
      "bin": {
        "astro-check": "dist/bin.js"
      },
      "devDependencies": {
        "@types/chai": "^4.3.5",
        "@types/mocha": "^10.0.1",
        "@types/node": "^18.17.8",
        "@types/yargs": "^17.0.24",
        "chai": "^4.3.7",
        "mocha": "^10.2.0",
        "tsx": "^3.12.7"
      },
      "peerDependencies": {
        "typescript": "^5.0.0"
      }
    },
    "../../node_modules/.pnpm/@astrojs+partytown@2.1.4/node_modules/@astrojs/partytown": {
      "version": "2.1.4",
      "license": "MIT",
      "dependencies": {
        "@qwik.dev/partytown": "^0.11.0",
        "mrmime": "^2.0.1"
      },
      "devDependencies": {
        "astro": "5.4.2",
        "astro-scripts": "0.0.14"
      }
    },
    "../../node_modules/.pnpm/@astrojs+sitemap@3.4.1/node_modules/@astrojs/sitemap": {
      "version": "3.4.1",
      "license": "MIT",
      "dependencies": {
        "sitemap": "^8.0.0",
        "stream-replace-string": "^2.0.0",
        "zod": "^3.24.2"
      },
      "devDependencies": {
        "astro": "5.8.2",
        "astro-scripts": "0.0.14",
        "xml2js": "0.6.2"
      }
    },
    "../../node_modules/.pnpm/@astrojs+starlight-tailwind@4.0.1_@astrojs+starlight@0.34.4_astro@5.9.2_@types+node@20.19.0_j_sk67sinx2dnjpvgvoj34vb2ii4/node_modules/@astrojs/starlight-tailwind": {
      "version": "4.0.1",
      "license": "MIT",
      "devDependencies": {
        "lightningcss": "^1.29.1",
        "tailwindcss": "^4.0.7",
        "vitest": "^3.0.5"
      },
      "peerDependencies": {
        "@astrojs/starlight": ">=0.34.0",
        "tailwindcss": "^4.0.0"
      }
    },
    "../../node_modules/.pnpm/@astrojs+starlight@0.34.4_astro@5.9.2_@types+node@20.19.0_jiti@2.4.2_lightningcss@1.30.1_roll_c7trrejwit54h3lqx6nqme44mu/node_modules/@astrojs/starlight": {
      "version": "0.34.4",
      "license": "MIT",
      "dependencies": {
        "@astrojs/markdown-remark": "^6.3.1",
        "@astrojs/mdx": "^4.2.3",
        "@astrojs/sitemap": "^3.3.0",
        "@pagefind/default-ui": "^1.3.0",
        "@types/hast": "^3.0.4",
        "@types/js-yaml": "^4.0.9",
        "@types/mdast": "^4.0.4",
        "astro-expressive-code": "^0.41.1",
        "bcp-47": "^2.1.0",
        "hast-util-from-html": "^2.0.1",
        "hast-util-select": "^6.0.2",
        "hast-util-to-string": "^3.0.0",
        "hastscript": "^9.0.0",
        "i18next": "^23.11.5",
        "js-yaml": "^4.1.0",
        "klona": "^2.0.6",
        "mdast-util-directive": "^3.0.0",
        "mdast-util-to-markdown": "^2.1.0",
        "mdast-util-to-string": "^4.0.0",
        "pagefind": "^1.3.0",
        "rehype": "^13.0.1",
        "rehype-format": "^5.0.0",
        "remark-directive": "^3.0.0",
        "ultrahtml": "^1.6.0",
        "unified": "^11.0.5",
        "unist-util-visit": "^5.0.0",
        "vfile": "^6.0.2"
      },
      "devDependencies": {
        "@playwright/test": "^1.45.0",
        "@types/node": "^18.16.19",
        "@vitest/coverage-v8": "^3.0.5",
        "astro": "^5.6.1",
        "linkedom": "^0.18.4",
        "vitest": "^3.0.5"
      },
      "peerDependencies": {
        "astro": "^5.5.0"
      }
    },
    "../../node_modules/.pnpm/@tailwindcss+vite@4.1.10_vite@6.3.5_@types+node@20.19.0_jiti@2.4.2_lightningcss@1.30.1_yaml@2.8.0_/node_modules/@tailwindcss/vite": {
      "version": "4.1.10",
      "license": "MIT",
      "dependencies": {
        "@tailwindcss/node": "4.1.10",
        "@tailwindcss/oxide": "4.1.10",
        "tailwindcss": "4.1.10"
      },
      "devDependencies": {
        "@types/node": "^20.14.8",
        "vite": "^6.0.0"
      },
      "peerDependencies": {
        "vite": "^5.2.0 || ^6"
      }
    },
    "../../node_modules/.pnpm/astro-mermaid@1.2.0_astro@5.9.2_@types+node@20.19.0_jiti@2.4.2_lightningcss@1.30.1_rollup@4.4_r3sjiyuj4bcihawc5g2qksopkm/node_modules/astro-mermaid": {
      "version": "1.2.0",
      "license": "MIT",
      "dependencies": {
        "@anthropic-ai/claude-code": "^1.0.128",
        "import-meta-resolve": "^4.2.0",
        "mdast-util-to-string": "^4.0.0",
        "unist-util-visit": "^5.0.0"
      },
      "devDependencies": {
        "@types/hast": "^3.0.4",
        "@vitest/ui": "^3.2.4",
        "astro": "^5.0.0",
        "hast-util-from-html": "^2.0.3",
        "mermaid": "^11.0.0",
        "rehype-parse": "^9.0.1",
        "rehype-stringify": "^10.0.1",
        "remark-mermaid": "^0.2.0",
        "remark-parse": "^11.0.0",
        "typescript": "^5.0.0",
        "unified": "^11.0.5",
        "vitest": "^3.2.4"
      },
      "peerDependencies": {
        "@mermaid-js/layout-elk": "^0.2.0",
        "astro": "^4.0.0 || ^5.0.0",
        "mermaid": "^10.0.0 || ^11.0.0"
      },
      "peerDependenciesMeta": {
        "@mermaid-js/layout-elk": {
          "optional": true
        }
      }
    },
    "../../node_modules/.pnpm/astro@5.9.2_@types+node@20.19.0_jiti@2.4.2_lightningcss@1.30.1_rollup@4.42.0_typescript@5.8.3_yaml@2.8.0/node_modules/astro": {
      "version": "5.9.2",
      "license": "MIT",
      "dependencies": {
        "@astrojs/compiler": "^2.12.2",
        "@astrojs/internal-helpers": "0.6.1",
        "@astrojs/markdown-remark": "6.3.2",
        "@astrojs/telemetry": "3.3.0",
        "@capsizecss/unpack": "^2.4.0",
        "@oslojs/encoding": "^1.1.0",
        "@rollup/pluginutils": "^5.1.4",
        "acorn": "^8.14.1",
        "aria-query": "^5.3.2",
        "axobject-query": "^4.1.0",
        "boxen": "8.0.1",
        "ci-info": "^4.2.0",
        "clsx": "^2.1.1",
        "common-ancestor-path": "^1.0.1",
        "cookie": "^1.0.2",
        "cssesc": "^3.0.0",
        "debug": "^4.4.0",
        "deterministic-object-hash": "^2.0.2",
        "devalue": "^5.1.1",
        "diff": "^5.2.0",
        "dlv": "^1.1.3",
        "dset": "^3.1.4",
        "es-module-lexer": "^1.6.0",
        "esbuild": "^0.25.0",
        "estree-walker": "^3.0.3",
        "flattie": "^1.1.1",
        "fontace": "~0.3.0",
        "github-slugger": "^2.0.0",
        "html-escaper": "3.0.3",
        "http-cache-semantics": "^4.1.1",
        "import-meta-resolve": "^4.1.0",
        "js-yaml": "^4.1.0",
        "kleur": "^4.1.5",
        "magic-string": "^0.30.17",
        "magicast": "^0.3.5",
        "mrmime": "^2.0.1",
        "neotraverse": "^0.6.18",
        "p-limit": "^6.2.0",
        "p-queue": "^8.1.0",
        "package-manager-detector": "^1.1.0",
        "picomatch": "^4.0.2",
        "prompts": "^2.4.2",
        "rehype": "^13.0.2",
        "semver": "^7.7.1",
        "shiki": "^3.2.1",
        "tinyexec": "^0.3.2",
        "tinyglobby": "^0.2.12",
        "tsconfck": "^3.1.5",
        "ultrahtml": "^1.6.0",
        "unifont": "~0.5.0",
        "unist-util-visit": "^5.0.0",
        "unstorage": "^1.15.0",
        "vfile": "^6.0.3",
        "vite": "^6.3.4",
        "vitefu": "^1.0.6",
        "xxhash-wasm": "^1.1.0",
        "yargs-parser": "^21.1.1",
        "yocto-spinner": "^0.2.1",
        "zod": "^3.24.2",
        "zod-to-json-schema": "^3.24.5",
        "zod-to-ts": "^1.2.0"
      },
      "bin": {
        "astro": "astro.js"
      },
      "devDependencies": {
        "@astrojs/check": "^0.9.4",
        "@playwright/test": "^1.51.1",
        "@types/aria-query": "^5.0.4",
        "@types/common-ancestor-path": "^1.0.2",
        "@types/cssesc": "^3.0.2",
        "@types/debug": "^4.1.12",
        "@types/diff": "^5.2.3",
        "@types/dlv": "^1.1.5",
        "@types/hast": "^3.0.4",
        "@types/html-escaper": "3.0.4",
        "@types/http-cache-semantics": "^4.0.4",
        "@types/js-yaml": "^4.0.9",
        "@types/picomatch": "^3.0.2",
        "@types/prompts": "^2.4.9",
        "@types/semver": "^7.7.0",
        "@types/yargs-parser": "^21.0.3",
        "astro-scripts": "0.0.14",
        "cheerio": "1.0.0",
        "eol": "^0.10.0",
        "execa": "^8.0.1",
        "expect-type": "^1.2.0",
        "fs-fixture": "^2.7.1",
        "mdast-util-mdx": "^3.0.0",
        "mdast-util-mdx-jsx": "^3.2.0",
        "node-mocks-http": "^1.16.2",
        "parse-srcset": "^1.0.2",
        "rehype-autolink-headings": "^7.1.0",
        "rehype-slug": "^6.0.0",
        "rehype-toc": "^3.0.2",
        "remark-code-titles": "^0.1.2",
        "rollup": "^4.37.0",
        "sass": "^1.86.0",
        "typescript": "^5.8.3",
        "undici": "^7.5.0",
        "unified": "^11.0.5",
        "vitest": "^3.0.9"
      },
      "engines": {
        "node": "18.20.8 || ^20.3.0 || >=22.0.0",
        "npm": ">=9.6.5",
        "pnpm": ">=7.1.0"
      },
      "funding": {
        "type": "opencollective",
        "url": "https://opencollective.com/astrodotbuild"
      },
      "optionalDependencies": {
        "sharp": "^0.33.3"
      }
    },
    "../../node_modules/.pnpm/mermaid@11.12.1/node_modules/mermaid": {
      "version": "11.12.1",
      "license": "MIT",
      "dependencies": {
        "@braintree/sanitize-url": "^7.1.1",
        "@iconify/utils": "^3.0.1",
        "@mermaid-js/parser": "^0.6.3",
        "@types/d3": "^7.4.3",
        "cytoscape": "^3.29.3",
        "cytoscape-cose-bilkent": "^4.1.0",
        "cytoscape-fcose": "^2.2.0",
        "d3": "^7.9.0",
        "d3-sankey": "^0.12.3",
        "dagre-d3-es": "7.0.13",
        "dayjs": "^1.11.18",
        "dompurify": "^3.2.5",
        "katex": "^0.16.22",
        "khroma": "^2.1.0",
        "lodash-es": "^4.17.21",
        "marked": "^16.2.1",
        "roughjs": "^4.6.6",
        "stylis": "^4.3.6",
        "ts-dedent": "^2.2.0",
        "uuid": "^11.1.0"
      },
      "devDependencies": {
        "@adobe/jsonschema2md": "^8.0.5",
        "@iconify/types": "^2.0.0",
        "@types/cytoscape": "^3.21.9",
        "@types/cytoscape-fcose": "^2.2.4",
        "@types/d3-sankey": "^0.12.4",
        "@types/d3-scale": "^4.0.9",
        "@types/d3-scale-chromatic": "^3.1.0",
        "@types/d3-selection": "^3.0.11",
        "@types/d3-shape": "^3.1.7",
        "@types/jsdom": "^21.1.7",
        "@types/katex": "^0.16.7",
        "@types/lodash-es": "^4.17.12",
        "@types/micromatch": "^4.0.9",
        "@types/stylis": "^4.2.7",
        "@types/uuid": "^10.0.0",
        "ajv": "^8.17.1",
        "canvas": "^3.1.2",
        "chokidar": "3.6.0",
        "concurrently": "^9.1.2",
        "csstree-validator": "^4.0.1",
        "globby": "^14.1.0",
        "jison": "^0.4.18",
        "js-base64": "^3.7.8",
        "jsdom": "^26.1.0",
        "json-schema-to-typescript": "^15.0.4",
        "micromatch": "^4.0.8",
        "path-browserify": "^1.0.1",
        "prettier": "^3.5.3",
        "remark": "^15.0.1",
        "remark-frontmatter": "^5.0.0",
        "remark-gfm": "^4.0.1",
        "rimraf": "^6.0.1",
        "start-server-and-test": "^2.0.13",
        "type-fest": "^4.35.0",
        "typedoc": "^0.28.12",
        "typedoc-plugin-markdown": "^4.8.1",
        "typescript": "~5.7.3",
        "unist-util-flatmap": "^1.0.0",
        "unist-util-visit": "^5.0.0",
        "vitepress": "^1.6.4",
        "vitepress-plugin-search": "1.0.4-alpha.22"
      }
    },
    "../../node_modules/.pnpm/sharp@0.32.6/node_modules/sharp": {
      "version": "0.32.6",
      "hasInstallScript": true,
      "license": "Apache-2.0",
      "dependencies": {
        "color": "^4.2.3",
        "detect-libc": "^2.0.2",
        "node-addon-api": "^6.1.0",
        "prebuild-install": "^7.1.1",
        "semver": "^7.5.4",
        "simple-get": "^4.0.1",
        "tar-fs": "^3.0.4",
        "tunnel-agent": "^0.6.0"
      },
      "devDependencies": {
        "@types/node": "*",
        "async": "^3.2.4",
        "cc": "^3.0.1",
        "exif-reader": "^1.2.0",
        "extract-zip": "^2.0.1",
        "icc": "^3.0.0",
        "jsdoc-to-markdown": "^8.0.0",
        "license-checker": "^25.0.1",
        "mocha": "^10.2.0",
        "mock-fs": "^5.2.0",
        "nyc": "^15.1.0",
        "prebuild": "^12.0.0",
        "semistandard": "^16.0.1",
        "tsd": "^0.29.0"
      },
      "engines": {
        "node": ">=14.15.0"
      },
      "funding": {
        "url": "https://opencollective.com/libvips"
      }
    },
    "../../node_modules/.pnpm/tailwindcss@4.1.10/node_modules/tailwindcss": {
      "version": "4.1.10",
      "license": "MIT",
      "devDependencies": {
        "@ampproject/remapping": "^2.3.0",
        "@tailwindcss/oxide": "^4.1.10",
        "@types/node": "^20.14.8",
        "dedent": "1.6.0",
        "lightningcss": "1.30.1",
        "magic-string": "^0.30.17",
        "source-map-js": "^1.2.1"
      }
    },
    "../../node_modules/.pnpm/typescript@5.8.3/node_modules/typescript": {
      "version": "5.8.3",
      "license": "Apache-2.0",
      "bin": {
        "tsc": "bin/tsc",
        "tsserver": "bin/tsserver"
      },
      "devDependencies": {
        "@dprint/formatter": "^0.4.1",
        "@dprint/typescript": "0.93.3",
        "@esfx/canceltoken": "^1.0.0",
        "@eslint/js": "^9.17.0",
        "@octokit/rest": "^21.0.2",
        "@types/chai": "^4.3.20",
        "@types/diff": "^5.2.3",
        "@types/minimist": "^1.2.5",
        "@types/mocha": "^10.0.10",
        "@types/ms": "^0.7.34",
        "@types/node": "latest",
        "@types/source-map-support": "^0.5.10",
        "@types/which": "^3.0.4",
        "@typescript-eslint/rule-tester": "^8.18.1",
        "@typescript-eslint/type-utils": "^8.18.1",
        "@typescript-eslint/utils": "^8.18.1",
        "azure-devops-node-api": "^14.1.0",
        "c8": "^10.1.3",
        "chai": "^4.5.0",
        "chalk": "^4.1.2",
        "chokidar": "^3.6.0",
        "diff": "^5.2.0",
        "dprint": "^0.47.6",
        "esbuild": "^0.24.0",
        "eslint": "^9.17.0",
        "eslint-formatter-autolinkable-stylish": "^1.4.0",
        "eslint-plugin-regexp": "^2.7.0",
        "fast-xml-parser": "^4.5.1",
        "glob": "^10.4.5",
        "globals": "^15.13.0",
        "hereby": "^1.10.0",
        "jsonc-parser": "^3.3.1",
        "knip": "^5.41.0",
        "minimist": "^1.2.8",
        "mocha": "^10.8.2",
        "mocha-fivemat-progress-reporter": "^0.1.0",
        "monocart-coverage-reports": "^2.11.4",
        "ms": "^2.1.3",
        "playwright": "^1.49.1",
        "source-map-support": "^0.5.21",
        "tslib": "^2.8.1",
        "typescript": "^5.7.2",
        "typescript-eslint": "^8.18.1",
        "which": "^3.0.1"
      },
      "engines": {
        "node": ">=14.17"
      }
    },
    "node_modules/@astrojs/check": {
      "resolved": "../../node_modules/.pnpm/@astrojs+check@0.9.4_prettier@3.5.3_typescript@5.8.3/node_modules/@astrojs/check",
      "link": true
    },
    "node_modules/@astrojs/partytown": {
      "resolved": "../../node_modules/.pnpm/@astrojs+partytown@2.1.4/node_modules/@astrojs/partytown",
      "link": true
    },
    "node_modules/@astrojs/sitemap": {
      "resolved": "../../node_modules/.pnpm/@astrojs+sitemap@3.4.1/node_modules/@astrojs/sitemap",
      "link": true
    },
    "node_modules/@astrojs/starlight": {
      "resolved": "../../node_modules/.pnpm/@astrojs+starlight@0.34.4_astro@5.9.2_@types+node@20.19.0_jiti@2.4.2_lightningcss@1.30.1_roll_c7trrejwit54h3lqx6nqme44mu/node_modules/@astrojs/starlight",
      "link": true
    },
    "node_modules/@astrojs/starlight-tailwind": {
      "resolved": "../../node_modules/.pnpm/@astrojs+starlight-tailwind@4.0.1_@astrojs+starlight@0.34.4_astro@5.9.2_@types+node@20.19.0_j_sk67sinx2dnjpvgvoj34vb2ii4/node_modules/@astrojs/starlight-tailwind",
      "link": true
    },
    "node_modules/@tailwindcss/vite": {
      "resolved": "../../node_modules/.pnpm/@tailwindcss+vite@4.1.10_vite@6.3.5_@types+node@20.19.0_jiti@2.4.2_lightningcss@1.30.1_yaml@2.8.0_/node_modules/@tailwindcss/vite",
      "link": true
    },
    "node_modules/astro": {
      "resolved": "../../node_modules/.pnpm/astro@5.9.2_@types+node@20.19.0_jiti@2.4.2_lightningcss@1.30.1_rollup@4.42.0_typescript@5.8.3_yaml@2.8.0/node_modules/astro",
      "link": true
    },
    "node_modules/astro-mermaid": {
      "resolved": "../../node_modules/.pnpm/astro-mermaid@1.2.0_astro@5.9.2_@types+node@20.19.0_jiti@2.4.2_lightningcss@1.30.1_rollup@4.4_r3sjiyuj4bcihawc5g2qksopkm/node_modules/astro-mermaid",
      "link": true
    },
    "node_modules/mermaid": {
      "resolved": "../../node_modules/.pnpm/mermaid@11.12.1/node_modules/mermaid",
      "link": true
    },
    "node_modules/sharp": {
      "resolved": "../../node_modules/.pnpm/sharp@0.32.6/node_modules/sharp",
      "link": true
    },
    "node_modules/tailwindcss": {
      "resolved": "../../node_modules/.pnpm/tailwindcss@4.1.10/node_modules/tailwindcss",
      "link": true
    },
    "node_modules/typescript": {
      "resolved": "../../node_modules/.pnpm/typescript@5.8.3/node_modules/typescript",
      "link": true
    }
  }
}
